
Microsoft Visual Studio Solution File, Format Version 12.00
# Visual Studio Version 16
VisualStudioVersion = 16.0.32126.315
MinimumVisualStudioVersion = 10.0.40219.1
Project("{FAE04EC0-301F-11D3-BF4B-00C04F79EFBC}") = "practicaT6", "practicaT6.csproj", "{C8F7AC21-4B55-49E1-9764-A4EEAF46B701}"
EndProject
Global
	GlobalSection(SolutionConfigurationPlatforms) = preSolution
		Debug|Any CPU = Debug|Any CPU
		Release|Any CPU = Release|Any CPU
	EndGlobalSection
	GlobalSection(ProjectConfigurationPlatforms) = postSolution
		{C8F7AC21-4B55-49E1-9764-A4EEAF46B701}.Debug|Any CPU.ActiveCfg = Debug|Any CPU
		{C8F7AC21-4B55-49E1-9764-A4EEAF46B701}.Debug|Any CPU.Build.0 = Debug|Any CPU
		{C8F7AC21-4B55-49E1-9764-A4EEAF46B701}.Release|Any CPU.ActiveCfg = Release|Any CPU
		{C8F7AC21-4B55-49E1-9764-A4EEAF46B701}.Release|Any CPU.Build.0 = Release|Any CPU
	EndGlobalSection
	GlobalSection(SolutionProperties) = preSolution
		HideSolutionNode = FALSE
	EndGlobalSection
	GlobalSection(ExtensibilityGlobals) = postSolution
		SolutionGuid = {F2512318-2868-46F0-AA34-082B8056213D}
	EndGlobalSection
EndGlobal
